
Microsoft Visual Studio Solution File, Format Version 12.00
# Visual Studio Version 17
VisualStudioVersion = 17.14.36121.58 d17.14
MinimumVisualStudioVersion = 10.0.40219.1
Project("{FAE04EC0-301F-11D3-BF4B-00C04F79EFBC}") = "GoGoStatsApp", "GoGoStatsApp.csproj", "{5A43CA5E-5B60-4BF6-B6EE-414F0B6A1C51}"
EndProject
Global
	GlobalSection(SolutionConfigurationPlatforms) = preSolution
		Debug|Any CPU = Debug|Any CPU
		Release|Any CPU = Release|Any CPU
	EndGlobalSection
	GlobalSection(ProjectConfigurationPlatforms) = postSolution
		{5A43CA5E-5B60-4BF6-B6EE-414F0B6A1C51}.Debug|Any CPU.ActiveCfg = Debug|Any CPU
		{5A43CA5E-5B60-4BF6-B6EE-414F0B6A1C51}.Debug|Any CPU.Build.0 = Debug|Any CPU
		{5A43CA5E-5B60-4BF6-B6EE-414F0B6A1C51}.Release|Any CPU.ActiveCfg = Release|Any CPU
		{5A43CA5E-5B60-4BF6-B6EE-414F0B6A1C51}.Release|Any CPU.Build.0 = Release|Any CPU
	EndGlobalSection
	GlobalSection(SolutionProperties) = preSolution
		HideSolutionNode = FALSE
	EndGlobalSection
	GlobalSection(ExtensibilityGlobals) = postSolution
		SolutionGuid = {EA3EAC9C-3D67-4E72-ACFD-4CA5B3CFE50F}
	EndGlobalSection
EndGlobal
